# Copyright 2025 Google LLC
#
# Licensed under the Apache License, Version 2.0 (the "License");
# you may not use this file except in compliance with the License.
# You may obtain a copy of the License at
#
#      http://www.apache.org/licenses/LICENSE-2.0
#
# Unless required by applicable law or agreed to in writing, software
# distributed under the License is distributed on an "AS IS" BASIS,
# WITHOUT WARRANTIES OR CONDITIONS OF ANY KIND, either express or implied.
# See the License for the specific language governing permissions and
# limitations under the License.
docker:
  image: gcr.io/cloud-devrel-public-resources/owlbot-python:latest
  digest: sha256:fbbc8db67afd8b7d71bf694c5081a32da0c528eba166fbcffb3b6e56ddf907d5
# created: 2025-10-30T00:16:55.473963098Z
